// !$*UTF8*$!
{
	archiveVersion = 1;
	classes = {
	};
	objectVersion = 50;
	objects = {

/* Begin PBXBuildFile section */
		E107B7752643E7DE003F71D9 /* LoginViewController.m in Sources */ = {isa = PBXBuildFile; fileRef = E107B7742643E7DE003F71D9 /* LoginViewController.m */; };
		E107B7812643F6C4003F71D9 /* WeiboSDK.bundle in Resources */ = {isa = PBXBuildFile; fileRef = E107B77D2643F6C4003F71D9 /* WeiboSDK.bundle */; };
		E107B7822643F6C4003F71D9 /* libWeiboSDK.a in Frameworks */ = {isa = PBXBuildFile; fileRef = E107B77E2643F6C4003F71D9 /* libWeiboSDK.a */; };
		E107B7852643FA1F003F71D9 /* QuartzCore.framework in Frameworks */ = {isa = PBXBuildFile; fileRef = E107B7842643FA1F003F71D9 /* QuartzCore.framework */; };
		E107B7872643FA27003F71D9 /* ImageIO.framework in Frameworks */ = {isa = PBXBuildFile; fileRef = E107B7862643FA27003F71D9 /* ImageIO.framework */; };
		E107B7892643FA35003F71D9 /* SystemConfiguration.framework in Frameworks */ = {isa = PBXBuildFile; fileRef = E107B7882643FA35003F71D9 /* SystemConfiguration.framework */; };
		E107B78B2643FA3D003F71D9 /* Security.framework in Frameworks */ = {isa = PBXBuildFile; fileRef = E107B78A2643FA3D003F71D9 /* Security.framework */; };
		E107B78D2643FA46003F71D9 /* CoreTelephony.framework in Frameworks */ = {isa = PBXBuildFile; fileRef = E107B78C2643FA46003F71D9 /* CoreTelephony.framework */; };
		E107B78F2643FA4E003F71D9 /* CoreText.framework in Frameworks */ = {isa = PBXBuildFile; fileRef = E107B78E2643FA4E003F71D9 /* CoreText.framework */; };
		E107B7912643FA55003F71D9 /* UIKit.framework in Frameworks */ = {isa = PBXBuildFile; fileRef = E107B7902643FA55003F71D9 /* UIKit.framework */; };
		E107B7932643FA62003F71D9 /* Foundation.framework in Frameworks */ = {isa = PBXBuildFile; fileRef = E107B7922643FA62003F71D9 /* Foundation.framework */; };
		E107B7952643FA6B003F71D9 /* CoreGraphics.framework in Frameworks */ = {isa = PBXBuildFile; fileRef = E107B7942643FA6B003F71D9 /* CoreGraphics.framework */; };
		E107B7972643FA97003F71D9 /* libsqlite3.tbd in Frameworks */ = {isa = PBXBuildFile; fileRef = E107B7962643FA97003F71D9 /* libsqlite3.tbd */; };
		E107B7992643FAA3003F71D9 /* libz.tbd in Frameworks */ = {isa = PBXBuildFile; fileRef = E107B7982643FAA3003F71D9 /* libz.tbd */; };
		E107B79B2643FAAD003F71D9 /* WebKit.framework in Frameworks */ = {isa = PBXBuildFile; fileRef = E107B79A2643FAAD003F71D9 /* WebKit.framework */; };
		E14245AF263BBC5D00DCFF3B /* AppDelegate.m in Sources */ = {isa = PBXBuildFile; fileRef = E14245AE263BBC5D00DCFF3B /* AppDelegate.m */; };
		E14245BA263BBC5E00DCFF3B /* Assets.xcassets in Resources */ = {isa = PBXBuildFile; fileRef = E14245B9263BBC5E00DCFF3B /* Assets.xcassets */; };
		E14245C0263BBC5E00DCFF3B /* main.m in Sources */ = {isa = PBXBuildFile; fileRef = E14245BF263BBC5E00DCFF3B /* main.m */; };
		E14245C9263BBC8600DCFF3B /* TabBarController.m in Sources */ = {isa = PBXBuildFile; fileRef = E14245C8263BBC8600DCFF3B /* TabBarController.m */; };
		E14245D6263C315100DCFF3B /* MyPageViewController.m in Sources */ = {isa = PBXBuildFile; fileRef = E14245D5263C315100DCFF3B /* MyPageViewController.m */; };
		E1DA8C8D263E91DB00C78485 /* HomePageTableViewController.m in Sources */ = {isa = PBXBuildFile; fileRef = E1DA8C8C263E91DB00C78485 /* HomePageTableViewController.m */; };
		E1DA8C9A263EBA2900C78485 /* FindPageTableViewController.m in Sources */ = {isa = PBXBuildFile; fileRef = E1DA8C99263EBA2900C78485 /* FindPageTableViewController.m */; };
		E1DA8C9D263EBA8C00C78485 /* MessagePageTableViewController.m in Sources */ = {isa = PBXBuildFile; fileRef = E1DA8C9C263EBA8C00C78485 /* MessagePageTableViewController.m */; };
/* End PBXBuildFile section */

/* Begin PBXFileReference section */
		E107B7732643E7DE003F71D9 /* LoginViewController.h */ = {isa = PBXFileReference; lastKnownFileType = sourcecode.c.h; path = LoginViewController.h; sourceTree = "<group>"; };
		E107B7742643E7DE003F71D9 /* LoginViewController.m */ = {isa = PBXFileReference; lastKnownFileType = sourcecode.c.objc; path = LoginViewController.m; sourceTree = "<group>"; };
		E107B77D2643F6C4003F71D9 /* WeiboSDK.bundle */ = {isa = PBXFileReference; lastKnownFileType = "wrapper.plug-in"; path = WeiboSDK.bundle; sourceTree = "<group>"; };
		E107B77E2643F6C4003F71D9 /* libWeiboSDK.a */ = {isa = PBXFileReference; lastKnownFileType = archive.ar; path = libWeiboSDK.a; sourceTree = "<group>"; };
		E107B77F2643F6C4003F71D9 /* WBHttpRequest.h */ = {isa = PBXFileReference; fileEncoding = 4; lastKnownFileType = sourcecode.c.h; path = WBHttpRequest.h; sourceTree = "<group>"; };
		E107B7802643F6C4003F71D9 /* WeiboSDK.h */ = {isa = PBXFileReference; fileEncoding = 4; lastKnownFileType = sourcecode.c.h; path = WeiboSDK.h; sourceTree = "<group>"; };
		E107B7842643FA1F003F71D9 /* QuartzCore.framework */ = {isa = PBXFileReference; lastKnownFileType = wrapper.framework; name = QuartzCore.framework; path = System/Library/Frameworks/QuartzCore.framework; sourceTree = SDKROOT; };
		E107B7862643FA27003F71D9 /* ImageIO.framework */ = {isa = PBXFileReference; lastKnownFileType = wrapper.framework; name = ImageIO.framework; path = System/Library/Frameworks/ImageIO.framework; sourceTree = SDKROOT; };
		E107B7882643FA35003F71D9 /* SystemConfiguration.framework */ = {isa = PBXFileReference; lastKnownFileType = wrapper.framework; name = SystemConfiguration.framework; path = System/Library/Frameworks/SystemConfiguration.framework; sourceTree = SDKROOT; };
		E107B78A2643FA3D003F71D9 /* Security.framework */ = {isa = PBXFileReference; lastKnownFileType = wrapper.framework; name = Security.framework; path = System/Library/Frameworks/Security.framework; sourceTree = SDKROOT; };
		E107B78C2643FA46003F71D9 /* CoreTelephony.framework */ = {isa = PBXFileReference; lastKnownFileType = wrapper.framework; name = CoreTelephony.framework; path = System/Library/Frameworks/CoreTelephony.framework; sourceTree = SDKROOT; };
		E107B78E2643FA4E003F71D9 /* CoreText.framework */ = {isa = PBXFileReference; lastKnownFileType = wrapper.framework; name = CoreText.framework; path = System/Library/Frameworks/CoreText.framework; sourceTree = SDKROOT; };
		E107B7902643FA55003F71D9 /* UIKit.framework */ = {isa = PBXFileReference; lastKnownFileType = wrapper.framework; name = UIKit.framework; path = System/Library/Frameworks/UIKit.framework; sourceTree = SDKROOT; };
		E107B7922643FA62003F71D9 /* Foundation.framework */ = {isa = PBXFileReference; lastKnownFileType = wrapper.framework; name = Foundation.framework; path = System/Library/Frameworks/Foundation.framework; sourceTree = SDKROOT; };
		E107B7942643FA6B003F71D9 /* CoreGraphics.framework */ = {isa = PBXFileReference; lastKnownFileType = wrapper.framework; name = CoreGraphics.framework; path = System/Library/Frameworks/CoreGraphics.framework; sourceTree = SDKROOT; };
		E107B7962643FA97003F71D9 /* libsqlite3.tbd */ = {isa = PBXFileReference; lastKnownFileType = "sourcecode.text-based-dylib-definition"; name = libsqlite3.tbd; path = usr/lib/libsqlite3.tbd; sourceTree = SDKROOT; };
		E107B7982643FAA3003F71D9 /* libz.tbd */ = {isa = PBXFileReference; lastKnownFileType = "sourcecode.text-based-dylib-definition"; name = libz.tbd; path = usr/lib/libz.tbd; sourceTree = SDKROOT; };
		E107B79A2643FAAD003F71D9 /* WebKit.framework */ = {isa = PBXFileReference; lastKnownFileType = wrapper.framework; name = WebKit.framework; path = System/Library/Frameworks/WebKit.framework; sourceTree = SDKROOT; };
		E107B79D26440B24003F71D9 /* PrefixHeader.pch */ = {isa = PBXFileReference; lastKnownFileType = sourcecode.c.h; path = PrefixHeader.pch; sourceTree = "<group>"; };
		E14245AA263BBC5D00DCFF3B /* weibo.app */ = {isa = PBXFileReference; explicitFileType = wrapper.application; includeInIndex = 0; path = weibo.app; sourceTree = BUILT_PRODUCTS_DIR; };
		E14245AD263BBC5D00DCFF3B /* AppDelegate.h */ = {isa = PBXFileReference; lastKnownFileType = sourcecode.c.h; path = AppDelegate.h; sourceTree = "<group>"; };
		E14245AE263BBC5D00DCFF3B /* AppDelegate.m */ = {isa = PBXFileReference; lastKnownFileType = sourcecode.c.objc; path = AppDelegate.m; sourceTree = "<group>"; };
		E14245B9263BBC5E00DCFF3B /* Assets.xcassets */ = {isa = PBXFileReference; lastKnownFileType = folder.assetcatalog; path = Assets.xcassets; sourceTree = "<group>"; };
		E14245BE263BBC5E00DCFF3B /* Info.plist */ = {isa = PBXFileReference; lastKnownFileType = text.plist.xml; path = Info.plist; sourceTree = "<group>"; };
		E14245BF263BBC5E00DCFF3B /* main.m */ = {isa = PBXFileReference; lastKnownFileType = sourcecode.c.objc; path = main.m; sourceTree = "<group>"; };
		E14245C7263BBC8600DCFF3B /* TabBarController.h */ = {isa = PBXFileReference; lastKnownFileType = sourcecode.c.h; path = TabBarController.h; sourceTree = "<group>"; };
		E14245C8263BBC8600DCFF3B /* TabBarController.m */ = {isa = PBXFileReference; lastKnownFileType = sourcecode.c.objc; path = TabBarController.m; sourceTree = "<group>"; };
		E14245D4263C315100DCFF3B /* MyPageViewController.h */ = {isa = PBXFileReference; lastKnownFileType = sourcecode.c.h; path = MyPageViewController.h; sourceTree = "<group>"; };
		E14245D5263C315100DCFF3B /* MyPageViewController.m */ = {isa = PBXFileReference; lastKnownFileType = sourcecode.c.objc; path = MyPageViewController.m; sourceTree = "<group>"; };
		E1DA8C8B263E91DB00C78485 /* HomePageTableViewController.h */ = {isa = PBXFileReference; lastKnownFileType = sourcecode.c.h; path = HomePageTableViewController.h; sourceTree = "<group>"; };
		E1DA8C8C263E91DB00C78485 /* HomePageTableViewController.m */ = {isa = PBXFileReference; lastKnownFileType = sourcecode.c.objc; path = HomePageTableViewController.m; sourceTree = "<group>"; };
		E1DA8C98263EBA2900C78485 /* FindPageTableViewController.h */ = {isa = PBXFileReference; lastKnownFileType = sourcecode.c.h; path = FindPageTableViewController.h; sourceTree = "<group>"; };
		E1DA8C99263EBA2900C78485 /* FindPageTableViewController.m */ = {isa = PBXFileReference; lastKnownFileType = sourcecode.c.objc; path = FindPageTableViewController.m; sourceTree = "<group>"; };
		E1DA8C9B263EBA8C00C78485 /* MessagePageTableViewController.h */ = {isa = PBXFileReference; lastKnownFileType = sourcecode.c.h; path = MessagePageTableViewController.h; sourceTree = "<group>"; };
		E1DA8C9C263EBA8C00C78485 /* MessagePageTableViewController.m */ = {isa = PBXFileReference; lastKnownFileType = sourcecode.c.objc; path = MessagePageTableViewController.m; sourceTree = "<group>"; };
/* End PBXFileReference section */

/* Begin PBXFrameworksBuildPhase section */
		E14245A7263BBC5D00DCFF3B /* Frameworks */ = {
			isa = PBXFrameworksBuildPhase;
			buildActionMask = 2147483647;
			files = (
				E107B79B2643FAAD003F71D9 /* WebKit.framework in Frameworks */,
				E107B7992643FAA3003F71D9 /* libz.tbd in Frameworks */,
				E107B7972643FA97003F71D9 /* libsqlite3.tbd in Frameworks */,
				E107B7952643FA6B003F71D9 /* CoreGraphics.framework in Frameworks */,
				E107B7932643FA62003F71D9 /* Foundation.framework in Frameworks */,
				E107B7912643FA55003F71D9 /* UIKit.framework in Frameworks */,
				E107B78F2643FA4E003F71D9 /* CoreText.framework in Frameworks */,
				E107B78D2643FA46003F71D9 /* CoreTelephony.framework in Frameworks */,
				E107B78B2643FA3D003F71D9 /* Security.framework in Frameworks */,
				E107B7892643FA35003F71D9 /* SystemConfiguration.framework in Frameworks */,
				E107B7872643FA27003F71D9 /* ImageIO.framework in Frameworks */,
				E107B7852643FA1F003F71D9 /* QuartzCore.framework in Frameworks */,
				E107B7822643F6C4003F71D9 /* libWeiboSDK.a in Frameworks */,
			);
			runOnlyForDeploymentPostprocessing = 0;
		};
/* End PBXFrameworksBuildPhase section */

/* Begin PBXGroup section */
		E107B77C2643F6C4003F71D9 /* libWeiboSDK */ = {
			isa = PBXGroup;
			children = (
				E107B77D2643F6C4003F71D9 /* WeiboSDK.bundle */,
				E107B77E2643F6C4003F71D9 /* libWeiboSDK.a */,
				E107B77F2643F6C4003F71D9 /* WBHttpRequest.h */,
				E107B7802643F6C4003F71D9 /* WeiboSDK.h */,
			);
			path = libWeiboSDK;
			sourceTree = "<group>";
		};
		E107B7832643FA1F003F71D9 /* Frameworks */ = {
			isa = PBXGroup;
			children = (
				E107B79A2643FAAD003F71D9 /* WebKit.framework */,
				E107B7982643FAA3003F71D9 /* libz.tbd */,
				E107B7962643FA97003F71D9 /* libsqlite3.tbd */,
				E107B7942643FA6B003F71D9 /* CoreGraphics.framework */,
				E107B7922643FA62003F71D9 /* Foundation.framework */,
				E107B7902643FA55003F71D9 /* UIKit.framework */,
				E107B78E2643FA4E003F71D9 /* CoreText.framework */,
				E107B78C2643FA46003F71D9 /* CoreTelephony.framework */,
				E107B78A2643FA3D003F71D9 /* Security.framework */,
				E107B7882643FA35003F71D9 /* SystemConfiguration.framework */,
				E107B7862643FA27003F71D9 /* ImageIO.framework */,
				E107B7842643FA1F003F71D9 /* QuartzCore.framework */,
			);
			name = Frameworks;
			sourceTree = "<group>";
		};
		E107B79C26440AB8003F71D9 /* Supporting Files */ = {
			isa = PBXGroup;
			children = (
				E107B79D26440B24003F71D9 /* PrefixHeader.pch */,
			);
			path = "Supporting Files";
			sourceTree = "<group>";
		};
		E14245A1263BBC5D00DCFF3B = {
			isa = PBXGroup;
			children = (
				E14245AC263BBC5D00DCFF3B /* weibo */,
				E14245AB263BBC5D00DCFF3B /* Products */,
				E107B7832643FA1F003F71D9 /* Frameworks */,
			);
			sourceTree = "<group>";
		};
		E14245AB263BBC5D00DCFF3B /* Products */ = {
			isa = PBXGroup;
			children = (
				E14245AA263BBC5D00DCFF3B /* weibo.app */,
			);
			name = Products;
			sourceTree = "<group>";
		};
		E14245AC263BBC5D00DCFF3B /* weibo */ = {
			isa = PBXGroup;
			children = (
				E14245AD263BBC5D00DCFF3B /* AppDelegate.h */,
				E14245AE263BBC5D00DCFF3B /* AppDelegate.m */,
				E14245C7263BBC8600DCFF3B /* TabBarController.h */,
				E14245C8263BBC8600DCFF3B /* TabBarController.m */,
				E1DA8C8B263E91DB00C78485 /* HomePageTableViewController.h */,
				E1DA8C8C263E91DB00C78485 /* HomePageTableViewController.m */,
				E1DA8C98263EBA2900C78485 /* FindPageTableViewController.h */,
				E1DA8C99263EBA2900C78485 /* FindPageTableViewController.m */,
				E1DA8C9B263EBA8C00C78485 /* MessagePageTableViewController.h */,
				E1DA8C9C263EBA8C00C78485 /* MessagePageTableViewController.m */,
				E14245D4263C315100DCFF3B /* MyPageViewController.h */,
				E14245D5263C315100DCFF3B /* MyPageViewController.m */,
				E107B7732643E7DE003F71D9 /* LoginViewController.h */,
				E107B7742643E7DE003F71D9 /* LoginViewController.m */,
				E14245B9263BBC5E00DCFF3B /* Assets.xcassets */,
				E14245BE263BBC5E00DCFF3B /* Info.plist */,
				E14245BF263BBC5E00DCFF3B /* main.m */,
				E107B79C26440AB8003F71D9 /* Supporting Files */,
				E107B77C2643F6C4003F71D9 /* libWeiboSDK */,
			);
			path = weibo;
			sourceTree = "<group>";
		};
/* End PBXGroup section */

/* Begin PBXNativeTarget section */
		E14245A9263BBC5D00DCFF3B /* weibo */ = {
			isa = PBXNativeTarget;
			buildConfigurationList = E14245C3263BBC5E00DCFF3B /* Build configuration list for PBXNativeTarget "weibo" */;
			buildPhases = (
				E14245A6263BBC5D00DCFF3B /* Sources */,
				E14245A7263BBC5D00DCFF3B /* Frameworks */,
				E14245A8263BBC5D00DCFF3B /* Resources */,
			);
			buildRules = (
			);
			dependencies = (
			);
			name = weibo;
			productName = weibo;
			productReference = E14245AA263BBC5D00DCFF3B /* weibo.app */;
			productType = "com.apple.product-type.application";
		};
/* End PBXNativeTarget section */

/* Begin PBXProject section */
		E14245A2263BBC5D00DCFF3B /* Project object */ = {
			isa = PBXProject;
			attributes = {
				LastUpgradeCheck = 1240;
				TargetAttributes = {
					E14245A9263BBC5D00DCFF3B = {
						CreatedOnToolsVersion = 12.4;
					};
				};
			};
			buildConfigurationList = E14245A5263BBC5D00DCFF3B /* Build configuration list for PBXProject "weibo" */;
			compatibilityVersion = "Xcode 9.3";
			developmentRegion = en;
			hasScannedForEncodings = 0;
			knownRegions = (
				en,
				Base,
			);
			mainGroup = E14245A1263BBC5D00DCFF3B;
			productRefGroup = E14245AB263BBC5D00DCFF3B /* Products */;
			projectDirPath = "";
			projectRoot = "";
			targets = (
				E14245A9263BBC5D00DCFF3B /* weibo */,
			);
		};
/* End PBXProject section */

/* Begin PBXResourcesBuildPhase section */
		E14245A8263BBC5D00DCFF3B /* Resources */ = {
			isa = PBXResourcesBuildPhase;
			buildActionMask = 2147483647;
			files = (
				E14245BA263BBC5E00DCFF3B /* Assets.xcassets in Resources */,
				E107B7812643F6C4003F71D9 /* WeiboSDK.bundle in Resources */,
			);
			runOnlyForDeploymentPostprocessing = 0;
		};
/* End PBXResourcesBuildPhase section */

/* Begin PBXSourcesBuildPhase section */
		E14245A6263BBC5D00DCFF3B /* Sources */ = {
			isa = PBXSourcesBuildPhase;
			buildActionMask = 2147483647;
			files = (
				E107B7752643E7DE003F71D9 /* LoginViewController.m in Sources */,
				E1DA8C9D263EBA8C00C78485 /* MessagePageTableViewController.m in Sources */,
				E14245D6263C315100DCFF3B /* MyPageViewController.m in Sources */,
				E1DA8C8D263E91DB00C78485 /* HomePageTableViewController.m in Sources */,
				E14245AF263BBC5D00DCFF3B /* AppDelegate.m in Sources */,
				E14245C9263BBC8600DCFF3B /* TabBarController.m in Sources */,
				E1DA8C9A263EBA2900C78485 /* FindPageTableViewController.m in Sources */,
				E14245C0263BBC5E00DCFF3B /* main.m in Sources */,
			);
			runOnlyForDeploymentPostprocessing = 0;
		};
/* End PBXSourcesBuildPhase section */

/* Begin XCBuildConfiguration section */
		E14245C1263BBC5E00DCFF3B /* Debug */ = {
			isa = XCBuildConfiguration;
			buildSettings = {
				ALWAYS_SEARCH_USER_PATHS = NO;
				CLANG_ANALYZER_NONNULL = YES;
				CLANG_ANALYZER_NUMBER_OBJECT_CONVERSION = YES_AGGRESSIVE;
				CLANG_CXX_LANGUAGE_STANDARD = "gnu++14";
				CLANG_CXX_LIBRARY = "libc++";
				CLANG_ENABLE_MODULES = YES;
				CLANG_ENABLE_OBJC_ARC = YES;
				CLANG_ENABLE_OBJC_WEAK = YES;
				CLANG_WARN_BLOCK_CAPTURE_AUTORELEASING = YES;
				CLANG_WARN_BOOL_CONVERSION = YES;
				CLANG_WARN_COMMA = YES;
				CLANG_WARN_CONSTANT_CONVERSION = YES;
				CLANG_WARN_DEPRECATED_OBJC_IMPLEMENTATIONS = YES;
				CLANG_WARN_DIRECT_OBJC_ISA_USAGE = YES_ERROR;
				CLANG_WARN_DOCUMENTATION_COMMENTS = YES;
				CLANG_WARN_EMPTY_BODY = YES;
				CLANG_WARN_ENUM_CONVERSION = YES;
				CLANG_WARN_INFINITE_RECURSION = YES;
				CLANG_WARN_INT_CONVERSION = YES;
				CLANG_WARN_NON_LITERAL_NULL_CONVERSION = YES;
				CLANG_WARN_OBJC_IMPLICIT_RETAIN_SELF = YES;
				CLANG_WARN_OBJC_LITERAL_CONVERSION = YES;
				CLANG_WARN_OBJC_ROOT_CLASS = YES_ERROR;
				CLANG_WARN_QUOTED_INCLUDE_IN_FRAMEWORK_HEADER = YES;
				CLANG_WARN_RANGE_LOOP_ANALYSIS = YES;
				CLANG_WARN_STRICT_PROTOTYPES = YES;
				CLANG_WARN_SUSPICIOUS_MOVE = YES;
				CLANG_WARN_UNGUARDED_AVAILABILITY = YES_AGGRESSIVE;
				CLANG_WARN_UNREACHABLE_CODE = YES;
				CLANG_WARN__DUPLICATE_METHOD_MATCH = YES;
				COPY_PHASE_STRIP = NO;
				DEBUG_INFORMATION_FORMAT = dwarf;
				ENABLE_STRICT_OBJC_MSGSEND = YES;
				ENABLE_TESTABILITY = YES;
				GCC_C_LANGUAGE_STANDARD = gnu11;
				GCC_DYNAMIC_NO_PIC = NO;
				GCC_NO_COMMON_BLOCKS = YES;
				GCC_OPTIMIZATION_LEVEL = 0;
				GCC_PREPROCESSOR_DEFINITIONS = (
					"DEBUG=1",
					"$(inherited)",
				);
				GCC_WARN_64_TO_32_BIT_CONVERSION = YES;
				GCC_WARN_ABOUT_RETURN_TYPE = YES_ERROR;
				GCC_WARN_UNDECLARED_SELECTOR = YES;
				GCC_WARN_UNINITIALIZED_AUTOS = YES_AGGRESSIVE;
				GCC_WARN_UNUSED_FUNCTION = YES;
				GCC_WARN_UNUSED_VARIABLE = YES;
				IPHONEOS_DEPLOYMENT_TARGET = 14.4;
				MTL_ENABLE_DEBUG_INFO = INCLUDE_SOURCE;
				MTL_FAST_MATH = YES;
				ONLY_ACTIVE_ARCH = YES;
				SDKROOT = iphoneos;
			};
			name = Debug;
		};
		E14245C2263BBC5E00DCFF3B /* Release */ = {
			isa = XCBuildConfiguration;
			buildSettings = {
				ALWAYS_SEARCH_USER_PATHS = NO;
				CLANG_ANALYZER_NONNULL = YES;
				CLANG_ANALYZER_NUMBER_OBJECT_CONVERSION = YES_AGGRESSIVE;
				CLANG_CXX_LANGUAGE_STANDARD = "gnu++14";
				CLANG_CXX_LIBRARY = "libc++";
				CLANG_ENABLE_MODULES = YES;
				CLANG_ENABLE_OBJC_ARC = YES;
				CLANG_ENABLE_OBJC_WEAK = YES;
				CLANG_WARN_BLOCK_CAPTURE_AUTORELEASING = YES;
				CLANG_WARN_BOOL_CONVERSION = YES;
				CLANG_WARN_COMMA = YES;
				CLANG_WARN_CONSTANT_CONVERSION = YES;
				CLANG_WARN_DEPRECATED_OBJC_IMPLEMENTATIONS = YES;
				CLANG_WARN_DIRECT_OBJC_ISA_USAGE = YES_ERROR;
				CLANG_WARN_DOCUMENTATION_COMMENTS = YES;
				CLANG_WARN_EMPTY_BODY = YES;
				CLANG_WARN_ENUM_CONVERSION = YES;
				CLANG_WARN_INFINITE_RECURSION = YES;
				CLANG_WARN_INT_CONVERSION = YES;
				CLANG_WARN_NON_LITERAL_NULL_CONVERSION = YES;
				CLANG_WARN_OBJC_IMPLICIT_RETAIN_SELF = YES;
				CLANG_WARN_OBJC_LITERAL_CONVERSION = YES;
				CLANG_WARN_OBJC_ROOT_CLASS = YES_ERROR;
				CLANG_WARN_QUOTED_INCLUDE_IN_FRAMEWORK_HEADER = YES;
				CLANG_WARN_RANGE_LOOP_ANALYSIS = YES;
				CLANG_WARN_STRICT_PROTOTYPES = YES;
				CLANG_WARN_SUSPICIOUS_MOVE = YES;
				CLANG_WARN_UNGUARDED_AVAILABILITY = YES_AGGRESSIVE;
				CLANG_WARN_UNREACHABLE_CODE = YES;
				CLANG_WARN__DUPLICATE_METHOD_MATCH = YES;
				COPY_PHASE_STRIP = NO;
				DEBUG_INFORMATION_FORMAT = "dwarf-with-dsym";
				ENABLE_NS_ASSERTIONS = NO;
				ENABLE_STRICT_OBJC_MSGSEND = YES;
				GCC_C_LANGUAGE_STANDARD = gnu11;
				GCC_NO_COMMON_BLOCKS = YES;
				GCC_WARN_64_TO_32_BIT_CONVERSION = YES;
				GCC_WARN_ABOUT_RETURN_TYPE = YES_ERROR;
				GCC_WARN_UNDECLARED_SELECTOR = YES;
				GCC_WARN_UNINITIALIZED_AUTOS = YES_AGGRESSIVE;
				GCC_WARN_UNUSED_FUNCTION = YES;
				GCC_WARN_UNUSED_VARIABLE = YES;
				IPHONEOS_DEPLOYMENT_TARGET = 14.4;
				MTL_ENABLE_DEBUG_INFO = NO;
				MTL_FAST_MATH = YES;
				SDKROOT = iphoneos;
				VALIDATE_PRODUCT = YES;
			};
			name = Release;
		};
		E14245C4263BBC5E00DCFF3B /* Debug */ = {
			isa = XCBuildConfiguration;
			buildSettings = {
				ASSETCATALOG_COMPILER_APPICON_NAME = AppIcon;
				ASSETCATALOG_COMPILER_GLOBAL_ACCENT_COLOR_NAME = AccentColor;
				CODE_SIGN_STYLE = Automatic;
				GCC_PRECOMPILE_PREFIX_HEADER = YES;
				GCC_PREFIX_HEADER = "$(SRCROOT)/weibo/Supporting Files/PrefixHeader.pch";
				INFOPLIST_FILE = weibo/Info.plist;
				LD_RUNPATH_SEARCH_PATHS = (
					"$(inherited)",
					"@executable_path/Frameworks",
				);
				LIBRARY_SEARCH_PATHS = (
					"$(inherited)",
					"$(PROJECT_DIR)/weibo/libWeiboSDK",
				);
				OTHER_LDFLAGS = "-ObjC";
				PRODUCT_BUNDLE_IDENTIFIER = com.hjl.weibo;
				PRODUCT_NAME = "$(TARGET_NAME)";
				TARGETED_DEVICE_FAMILY = "1,2";
			};
			name = Debug;
		};
		E14245C5263BBC5E00DCFF3B /* Release */ = {
			isa = XCBuildConfiguration;
			buildSettings = {
				ASSETCATALOG_COMPILER_APPICON_NAME = AppIcon;
				ASSETCATALOG_COMPILER_GLOBAL_ACCENT_COLOR_NAME = AccentColor;
				CODE_SIGN_STYLE = Automatic;
				GCC_PRECOMPILE_PREFIX_HEADER = YES;
				GCC_PREFIX_HEADER = "$(SRCROOT)/weibo/Supporting Files/PrefixHeader.pch";
				INFOPLIST_FILE = weibo/Info.plist;
				LD_RUNPATH_SEARCH_PATHS = (
					"$(inherited)",
					"@executable_path/Frameworks",
				);
				LIBRARY_SEARCH_PATHS = (
					"$(inherited)",
					"$(PROJECT_DIR)/weibo/libWeiboSDK",
				);
				OTHER_LDFLAGS = "-ObjC";
				PRODUCT_BUNDLE_IDENTIFIER = com.hjl.weibo;
				PRODUCT_NAME = "$(TARGET_NAME)";
				TARGETED_DEVICE_FAMILY = "1,2";
			};
			name = Release;
		};
/* End XCBuildConfiguration section */

/* Begin XCConfigurationList section */
		E14245A5263BBC5D00DCFF3B /* Build configuration list for PBXProject "weibo" */ = {
			isa = XCConfigurationList;
			buildConfigurations = (
				E14245C1263BBC5E00DCFF3B /* Debug */,
				E14245C2263BBC5E00DCFF3B /* Release */,
			);
			defaultConfigurationIsVisible = 0;
			defaultConfigurationName = Release;
		};
		E14245C3263BBC5E00DCFF3B /* Build configuration list for PBXNativeTarget "weibo" */ = {
			isa = XCConfigurationList;
			buildConfigurations = (
				E14245C4263BBC5E00DCFF3B /* Debug */,
				E14245C5263BBC5E00DCFF3B /* Release */,
			);
			defaultConfigurationIsVisible = 0;
			defaultConfigurationName = Release;
		};
/* End XCConfigurationList section */
	};
	rootObject = E14245A2263BBC5D00DCFF3B /* Project object */;
}
